<?xml version="1.0" encoding="utf-8"?>
<Project ToolsVersion="4.0" xmlns="http://schemas.microsoft.com/developer/msbuild/2003">
  <ItemGroup>
    <Filter Include="源文件">
      <UniqueIdentifier>{4FC737F1-C7A5-4376-A066-2A32D752A2FF}</UniqueIdentifier>
      <Extensions>cpp;c;cc;cxx;def;odl;idl;hpj;bat;asm;asmx</Extensions>
    </Filter>
    <Filter Include="源文件\Render">
      <UniqueIdentifier>{50bff830-25c9-421f-a963-b5df74794efd}</UniqueIdentifier>
    </Filter>
    <Filter Include="头文件">
      <UniqueIdentifier>{93995380-89BD-4b04-88EB-625FBE52EBFB}</UniqueIdentifier>
      <Extensions>h;hpp;hxx;hm;inl;inc;xsd</Extensions>
    </Filter>
    <Filter Include="头文件\Utility">
      <UniqueIdentifier>{6044d03a-cdff-4e70-8ce0-b5107c90a4cf}</UniqueIdentifier>
    </Filter>
    <Filter Include="头文件\Utility\BeatsUtility">
      <UniqueIdentifier>{012578ac-325b-4b88-8a6c-61aefc5a7943}</UniqueIdentifier>
    </Filter>
    <Filter Include="头文件\Utility\TinyXML">
      <UniqueIdentifier>{4609e2d1-2c2b-4560-b20f-34c94000a0c1}</UniqueIdentifier>
    </Filter>
    <Filter Include="头文件\Resource">
      <UniqueIdentifier>{91411219-7b3e-4ff5-bd59-5ebdf887ba33}</UniqueIdentifier>
    </Filter>
    <Filter Include="源文件\Resource">
      <UniqueIdentifier>{c488a50b-a6d7-487a-9d31-12f775611c27}</UniqueIdentifier>
    </Filter>
    <Filter Include="头文件\GUI">
      <UniqueIdentifier>{7d842cc3-e402-4438-90da-6cee7615c1eb}</UniqueIdentifier>
    </Filter>
    <Filter Include="源文件\GUI">
      <UniqueIdentifier>{47173181-d23b-454c-9e10-4c341c847f46}</UniqueIdentifier>
    </Filter>
    <Filter Include="头文件\Event">
      <UniqueIdentifier>{16295d61-7267-48ba-a968-6dccb95f8ea5}</UniqueIdentifier>
    </Filter>
    <Filter Include="源文件\Event">
      <UniqueIdentifier>{c72aef7c-bd69-4ee8-8103-24d165d38001}</UniqueIdentifier>
    </Filter>
    <Filter Include="源文件\Render\RenderStateParam">
      <UniqueIdentifier>{ab9bd287-b043-404e-aeac-7d196b21554f}</UniqueIdentifier>
    </Filter>
    <Filter Include="头文件\GUI\Font">
      <UniqueIdentifier>{3ab33f95-b8c7-43b5-b39b-82b1021b947e}</UniqueIdentifier>
    </Filter>
    <Filter Include="源文件\GUI\Font">
      <UniqueIdentifier>{64fe2023-e2a4-4d26-9cf6-26c5e548073b}</UniqueIdentifier>
    </Filter>
    <Filter Include="头文件\Utility\PerformDetector">
      <UniqueIdentifier>{a1df733e-32d7-4914-8ab6-e3fac8ed8b99}</UniqueIdentifier>
    </Filter>
    <Filter Include="external">
      <UniqueIdentifier>{137b5449-691d-4fc1-bc0f-86b21fcc8324}</UniqueIdentifier>
    </Filter>
    <Filter Include="external\unZip">
      <UniqueIdentifier>{dfa04a54-1342-4644-b25a-99df79892724}</UniqueIdentifier>
    </Filter>
    <Filter Include="external\etc1">
      <UniqueIdentifier>{29be2f26-5c4d-416a-8ae3-2cc411943fa7}</UniqueIdentifier>
    </Filter>
    <Filter Include="源文件\Scene">
      <UniqueIdentifier>{e0863564-b567-4b42-ad29-9ef853601585}</UniqueIdentifier>
    </Filter>
    <Filter Include="头文件\Scene">
      <UniqueIdentifier>{26cd832f-eab3-4d14-8bdb-3bfadbe764ee}</UniqueIdentifier>
    </Filter>
    <Filter Include="头文件\Framework">
      <UniqueIdentifier>{b4b26f54-f88f-43ab-97fa-b8dfed1a644f}</UniqueIdentifier>
    </Filter>
    <Filter Include="源文件\Framework">
      <UniqueIdentifier>{21262d38-3c6b-4eab-be7c-345fb652a1f7}</UniqueIdentifier>
    </Filter>
    <Filter Include="头文件\Platform">
      <UniqueIdentifier>{a41c3ce4-8735-4e1e-9713-4648f6d2815c}</UniqueIdentifier>
    </Filter>
    <Filter Include="头文件\Platform\win32">
      <UniqueIdentifier>{fe8613e7-789f-4e1c-b969-3d6123b7c864}</UniqueIdentifier>
    </Filter>
    <Filter Include="源文件\Render\win32">
      <UniqueIdentifier>{abad1b4b-92d9-4112-bdfb-adc81ec84abb}</UniqueIdentifier>
    </Filter>
    <Filter Include="源文件\Framework\win32">
      <UniqueIdentifier>{ac0ff312-c08c-4b01-9a9a-5c596900178c}</UniqueIdentifier>
    </Filter>
    <Filter Include="头文件\Utility\MathExt">
      <UniqueIdentifier>{3b9e438a-8199-4ddf-b669-dd28cbbc1e8a}</UniqueIdentifier>
    </Filter>
    <Filter Include="头文件\Task">
      <UniqueIdentifier>{a9763b43-41e4-414f-a686-bc00001e9fcd}</UniqueIdentifier>
    </Filter>
    <Filter Include="源文件\Task">
      <UniqueIdentifier>{2b9fc039-c72c-4a38-8429-4af1311b54f4}</UniqueIdentifier>
    </Filter>
    <Filter Include="头文件\Animation">
      <UniqueIdentifier>{a1e1a569-4852-4535-9b45-6402f53e6d47}</UniqueIdentifier>
    </Filter>
    <Filter Include="源文件\Animation">
      <UniqueIdentifier>{077dcaeb-6514-4e10-a62f-1281742a27b4}</UniqueIdentifier>
    </Filter>
    <Filter Include="头文件\Action">
      <UniqueIdentifier>{d557fce3-4a1f-4d5b-b93e-26ab3b29ac1f}</UniqueIdentifier>
    </Filter>
    <Filter Include="源文件\Action">
      <UniqueIdentifier>{9e9bafc3-c759-4e2c-8ce5-3ae83c26ecec}</UniqueIdentifier>
    </Filter>
    <Filter Include="头文件\Audio">
      <UniqueIdentifier>{6ce2329b-703c-4ab4-82d5-6d6e0c897377}</UniqueIdentifier>
    </Filter>
    <Filter Include="源文件\Audio">
      <UniqueIdentifier>{aaf9a0f0-2471-40a5-996f-4cec3e29d3f9}</UniqueIdentifier>
    </Filter>
    <Filter Include="头文件\NodeAnimation">
      <UniqueIdentifier>{e9c1849a-c7ba-4d51-bf92-aa8315db6b8f}</UniqueIdentifier>
    </Filter>
    <Filter Include="源文件\NodeAnimation">
      <UniqueIdentifier>{8470203e-5498-44d9-bb97-0c8c1c196cd1}</UniqueIdentifier>
    </Filter>
    <Filter Include="头文件\Render">
      <UniqueIdentifier>{f3197c82-c3d0-400c-9436-e08b8aa8d869}</UniqueIdentifier>
    </Filter>
    <Filter Include="头文件\Render\RenderStateParam">
      <UniqueIdentifier>{da22256c-487b-465e-80bb-e8ff6c7f63d0}</UniqueIdentifier>
    </Filter>
    <Filter Include="头文件\Render\win32">
      <UniqueIdentifier>{2e0afd6f-76ba-4cad-b972-012ba4a68144}</UniqueIdentifier>
    </Filter>
    <Filter Include="头文件\Language">
      <UniqueIdentifier>{37af63bf-bff2-4747-84d4-f132ffb44531}</UniqueIdentifier>
    </Filter>
    <Filter Include="源文件\Language">
      <UniqueIdentifier>{b0febe22-8914-47c5-bf56-5b57b0d1f00e}</UniqueIdentifier>
    </Filter>
    <Filter Include="头文件\EnginePublic">
      <UniqueIdentifier>{40594a35-33d7-48d8-ab06-0bb5cf57eda3}</UniqueIdentifier>
    </Filter>
    <Filter Include="源文件\EnginePublic">
      <UniqueIdentifier>{433b2c18-d19b-4f22-9bb0-9df8f1d4e148}</UniqueIdentifier>
    </Filter>
    <Filter Include="external\win32">
      <UniqueIdentifier>{2b81f5c2-dae2-4c2b-acf7-38e97c44be8c}</UniqueIdentifier>
    </Filter>
    <Filter Include="头文件\Script">
      <UniqueIdentifier>{e9a389c7-3891-4a11-92ea-6408e64841c2}</UniqueIdentifier>
    </Filter>
    <Filter Include="源文件\Script">
      <UniqueIdentifier>{7f4acaad-5510-414a-a796-3ff7d71d0bba}</UniqueIdentifier>
    </Filter>
    <Filter Include="头文件\Script\tolua">
      <UniqueIdentifier>{b163bf5f-8381-453f-8b7b-48e452874c5b}</UniqueIdentifier>
    </Filter>
    <Filter Include="源文件\Script\tolua">
      <UniqueIdentifier>{b5d96272-9ac6-473a-892b-a212914c8eff}</UniqueIdentifier>
    </Filter>
    <Filter Include="头文件\Utility\RapidXML">
      <UniqueIdentifier>{02fa2d2f-4c7b-47cc-8c78-ce21fb71f361}</UniqueIdentifier>
    </Filter>
    <Filter Include="源文件\Script\auto">
      <UniqueIdentifier>{19c009b0-6b88-4fa5-a533-8c0edc301305}</UniqueIdentifier>
    </Filter>
    <Filter Include="external\pvr">
      <UniqueIdentifier>{afb7b41c-3d12-41f4-99cf-d7442c798a4f}</UniqueIdentifier>
    </Filter>
    <Filter Include="头文件\NoticeWatcher">
      <UniqueIdentifier>{aebe65e3-8726-4e10-b313-f34cb42302a6}</UniqueIdentifier>
    </Filter>
    <Filter Include="源文件\NoticeWatcher">
      <UniqueIdentifier>{74c16f6a-9a5c-4359-a157-2ea547ecae8a}</UniqueIdentifier>
    </Filter>
    <Filter Include="源文件\Log">
      <UniqueIdentifier>{7c15258f-3a2c-4794-9e1b-ba8342e1b4f4}</UniqueIdentifier>
    </Filter>
    <Filter Include="头文件\Log">
      <UniqueIdentifier>{1e72e3ff-f4e5-49d4-898b-790d663bdf10}</UniqueIdentifier>
    </Filter>
    <Filter Include="源文件\ParticleSystem">
      <UniqueIdentifier>{9a99d75d-d5da-42b2-b09a-08b2b43703e1}</UniqueIdentifier>
    </Filter>
    <Filter Include="源文件\ParticleSystem\Module">
      <UniqueIdentifier>{67276188-f548-4ef1-ae7e-42d1e6dca788}</UniqueIdentifier>
    </Filter>
    <Filter Include="头文件\ParticleSystem">
      <UniqueIdentifier>{5bc2674a-d978-4f89-b7ec-ff46e8778e5a}</UniqueIdentifier>
    </Filter>
    <Filter Include="头文件\ParticleSystem\Module">
      <UniqueIdentifier>{4a6d0fb4-2007-42ae-8638-3e9f783e21f7}</UniqueIdentifier>
    </Filter>
    <Filter Include="头文件\Utility\Memory">
      <UniqueIdentifier>{82c24122-aadd-4d14-8634-e7aeb50d80bd}</UniqueIdentifier>
    </Filter>
    <Filter Include="头文件\Component">
      <UniqueIdentifier>{3fd5a023-3a41-4ecf-84ae-662584a701a2}</UniqueIdentifier>
    </Filter>
    <Filter Include="头文件\Component\Component">
      <UniqueIdentifier>{490fab3f-1ddc-4c3b-ab47-d0e893e74b35}</UniqueIdentifier>
    </Filter>
    <Filter Include="头文件\Component\Property">
      <UniqueIdentifier>{7f1da861-d67a-470e-bce2-3f1f7d890517}</UniqueIdentifier>
    </Filter>
    <Filter Include="源文件\Component">
      <UniqueIdentifier>{b9d55ba6-6204-4879-bfb8-e84610777d56}</UniqueIdentifier>
    </Filter>
    <Filter Include="源文件\Component\Component">
      <UniqueIdentifier>{2e781ca9-0d3d-4c5e-9250-5d7002be8d6d}</UniqueIdentifier>
    </Filter>
    <Filter Include="源文件\Component\Property">
      <UniqueIdentifier>{c2673fa5-d13f-483e-9c3a-212694eb1e5d}</UniqueIdentifier>
    </Filter>
    <Filter Include="源文件\Utility">
      <UniqueIdentifier>{b5ca791b-0ca3-40d3-8155-4cc6c897c945}</UniqueIdentifier>
    </Filter>
    <Filter Include="源文件\Utility\BeatsUtility">
      <UniqueIdentifier>{c63dc7ba-6f17-4552-ba97-8a55d1b400c9}</UniqueIdentifier>
    </Filter>
  </ItemGroup>
  <ItemGroup>
    <ClCompile Include="SourceCode\Render\RenderManager.cpp">
      <Filter>源文件\Render</Filter>
    </ClCompile>
    <ClCompile Include="SourceCode\Render\Texture.cpp">
      <Filter>源文件\Render</Filter>
    </ClCompile>
    <ClCompile Include="SourceCode\Render\Skeleton.cpp">
      <Filter>源文件\Render</Filter>
    </ClCompile>
    <ClCompile Include="SourceCode\Render\Skin.cpp">
      <Filter>源文件\Render</Filter>
    </ClCompile>
    <ClCompile Include="SourceCode\Resource\Resource.cpp">
      <Filter>源文件\Resource</Filter>
    </ClCompile>
    <ClCompile Include="SourceCode\Resource\ResourceManager.cpp">
      <Filter>源文件\Resource</Filter>
    </ClCompile>
    <ClCompile Include="SourceCode\Render\SkeletonBone.cpp">
      <Filter>源文件\Render</Filter>
    </ClCompile>
    <ClCompile Include="SourceCode\Render\AnimationController.cpp">
      <Filter>源文件\Render</Filter>
    </ClCompile>
    <ClCompile Include="SourceCode\Render\ShaderProgram.cpp">
      <Filter>源文件\Render</Filter>
    </ClCompile>
    <ClCompile Include="SourceCode\Render\Model.cpp">
      <Filter>源文件\Render</Filter>
    </ClCompile>
    <ClCompile Include="SourceCode\Render\TextureFormatConverter.cpp">
      <Filter>源文件\Render</Filter>
    </ClCompile>
    <ClCompile Include="SourceCode\Render\Sprite.cpp">
      <Filter>源文件\Render</Filter>
    </ClCompile>
    <ClCompile Include="SourceCode\Render\Camera.cpp">
      <Filter>源文件\Render</Filter>
    </ClCompile>
    <ClCompile Include="SourceCode\Event\EventDispatcher.cpp">
      <Filter>源文件\Event</Filter>
    </ClCompile>
    <ClCompile Include="SourceCode\Render\TextureFrag.cpp">
      <Filter>源文件\Render</Filter>
    </ClCompile>
    <ClCompile Include="SourceCode\Render\Renderer.cpp">
      <Filter>源文件\Render</Filter>
    </ClCompile>
    <ClCompile Include="SourceCode\Render\Material.cpp">
      <Filter>源文件\Render</Filter>
    </ClCompile>
    <ClCompile Include="SourceCode\Render\Shader.cpp">
      <Filter>源文件\Render</Filter>
    </ClCompile>
    <ClCompile Include="SourceCode\Render\RenderStateParam\BlendEquationRenderStateParam.cpp">
      <Filter>源文件\Render\RenderStateParam</Filter>
    </ClCompile>
    <ClCompile Include="SourceCode\Render\RenderStateParam\BlendRenderStateParam.cpp">
      <Filter>源文件\Render\RenderStateParam</Filter>
    </ClCompile>
    <ClCompile Include="SourceCode\Render\RenderStateParam\BoolRenderStateParam.cpp">
      <Filter>源文件\Render\RenderStateParam</Filter>
    </ClCompile>
    <ClCompile Include="SourceCode\Render\RenderStateParam\ClockWiseRenderStateParam.cpp">
      <Filter>源文件\Render\RenderStateParam</Filter>
    </ClCompile>
    <ClCompile Include="SourceCode\Render\RenderStateParam\CullModeRenderStateParam.cpp">
      <Filter>源文件\Render\RenderStateParam</Filter>
    </ClCompile>
    <ClCompile Include="SourceCode\Render\RenderStateParam\FloatRenderStateParam.cpp">
      <Filter>源文件\Render\RenderStateParam</Filter>
    </ClCompile>
    <ClCompile Include="SourceCode\Render\RenderStateParam\FunctionRenderStateParam.cpp">
      <Filter>源文件\Render\RenderStateParam</Filter>
    </ClCompile>
    <ClCompile Include="SourceCode\Render\RenderStateParam\IntRenderStateParam.cpp">
      <Filter>源文件\Render\RenderStateParam</Filter>
    </ClCompile>
    <ClCompile Include="SourceCode\Render\RenderStateParam\PolygonModeRenderStateParam.cpp">
      <Filter>源文件\Render\RenderStateParam</Filter>
    </ClCompile>
    <ClCompile Include="SourceCode\Render\RenderStateParam\RenderStateParamBase.cpp">
      <Filter>源文件\Render\RenderStateParam</Filter>
    </ClCompile>
    <ClCompile Include="SourceCode\Render\RenderStateParam\ShadeModeRenderStateParam.cpp">
      <Filter>源文件\Render\RenderStateParam</Filter>
    </ClCompile>
    <ClCompile Include="SourceCode\Render\RenderStateParam\StencilRenderStateParam.cpp">
      <Filter>源文件\Render\RenderStateParam</Filter>
    </ClCompile>
    <ClCompile Include="SourceCode\Render\RenderStateParam\UintRenderStateParam.cpp">
      <Filter>源文件\Render\RenderStateParam</Filter>
    </ClCompile>
    <ClCompile Include="SourceCode\Render\RenderState.cpp">
      <Filter>源文件\Render</Filter>
    </ClCompile>
    <ClCompile Include="SourceCode\GUI\Font\FontFace.cpp">
      <Filter>源文件\GUI\Font</Filter>
    </ClCompile>
    <ClCompile Include="SourceCode\GUI\Font\FontManager.cpp">
      <Filter>源文件\GUI\Font</Filter>
    </ClCompile>
    <ClCompile Include="SourceCode\GUI\Font\Font.cpp">
      <Filter>源文件\GUI\Font</Filter>
    </ClCompile>
    <ClCompile Include="SourceCode\Render\ShaderUniform.cpp">
      <Filter>源文件\Render</Filter>
    </ClCompile>
    <ClCompile Include="SourceCode\Render\AnimatableSprite.cpp">
      <Filter>源文件\Render</Filter>
    </ClCompile>
    <ClCompile Include="SourceCode\Render\RenderGroup.cpp">
      <Filter>源文件\Render</Filter>
    </ClCompile>
    <ClCompile Include="SourceCode\Render\RenderGroupManager.cpp">
      <Filter>源文件\Render</Filter>
    </ClCompile>
    <ClCompile Include="SourceCode\Render\RenderBatch.cpp">
      <Filter>源文件\Render</Filter>
    </ClCompile>
    <ClCompile Include="SourceCode\ComponentRegister.cpp">
      <Filter>源文件</Filter>
    </ClCompile>
    <ClCompile Include="SourceCode\Utility\PerformDetector\PerformDetector.cpp">
      <Filter>头文件\Utility\PerformDetector</Filter>
    </ClCompile>
    <ClCompile Include="SourceCode\Render\RenderStateParam\AlphaFunctionRenderStateParam.cpp">
      <Filter>源文件\Render\RenderStateParam</Filter>
    </ClCompile>
    <ClCompile Include="SourceCode\Render\TextureAtlas.cpp">
      <Filter>源文件\Render</Filter>
    </ClCompile>
    <ClCompile Include="SourceCode\external\unzip\ioapi.cpp">
      <Filter>external\unZip</Filter>
    </ClCompile>
    <ClCompile Include="SourceCode\external\unzip\unzip.cpp">
      <Filter>external\unZip</Filter>
    </ClCompile>
    <ClCompile Include="SourceCode\external\etc1\etc1.cpp">
      <Filter>external\etc1</Filter>
    </ClCompile>
    <ClCompile Include="SourceCode\Render\StaticMesh.cpp">
      <Filter>源文件\Render</Filter>
    </ClCompile>
    <ClCompile Include="SourceCode\stdafx.cpp">
      <Filter>源文件</Filter>
    </ClCompile>
    <ClCompile Include="SourceCode\Framework\Application.cpp">
      <Filter>源文件\Framework</Filter>
    </ClCompile>
    <ClCompile Include="SourceCode\Render\VertexFormat.cpp">
      <Filter>源文件\Render</Filter>
    </ClCompile>
    <ClCompile Include="SourceCode\Render\Viewport.cpp">
      <Filter>源文件\Render</Filter>
    </ClCompile>
    <ClCompile Include="SourceCode\Render\RenderTarget.cpp">
      <Filter>源文件\Render</Filter>
    </ClCompile>
    <ClCompile Include="SourceCode\Render\GridRenderObject.cpp">
      <Filter>源文件\Render</Filter>
    </ClCompile>
    <ClCompile Include="SourceCode\Render\win32\GlfwRenderWindow.cpp">
      <Filter>源文件\Render\win32</Filter>
    </ClCompile>
    <ClCompile Include="SourceCode\Framework\win32\ApplicationPlatformImpl.cpp">
      <Filter>源文件\Framework\win32</Filter>
    </ClCompile>
    <ClCompile Include="SourceCode\Render\ReflectTextureInfo.cpp">
      <Filter>源文件\Render</Filter>
    </ClCompile>
    <ClCompile Include="SourceCode\Event\EventSubscription.cpp">
      <Filter>源文件\Event</Filter>
    </ClCompile>
    <ClCompile Include="SourceCode\Event\EventConnection.cpp">
      <Filter>源文件\Event</Filter>
    </ClCompile>
    <ClCompile Include="SourceCode\Event\EventSlot.cpp">
      <Filter>源文件\Event</Filter>
    </ClCompile>
    <ClCompile Include="SourceCode\external\Atitc.cpp">
      <Filter>external</Filter>
    </ClCompile>
    <ClCompile Include="SourceCode\external\Configuration.cpp">
      <Filter>external</Filter>
    </ClCompile>
    <ClCompile Include="SourceCode\external\Image.cpp">
      <Filter>external</Filter>
    </ClCompile>
    <ClCompile Include="SourceCode\external\S3tc.cpp">
      <Filter>external</Filter>
    </ClCompile>
    <ClCompile Include="SourceCode\external\TgaLib.cpp">
      <Filter>external</Filter>
    </ClCompile>
    <ClCompile Include="SourceCode\external\ZipUtils.cpp">
      <Filter>external</Filter>
    </ClCompile>
    <ClCompile Include="SourceCode\Scene\Node.cpp">
      <Filter>源文件\Scene</Filter>
    </ClCompile>
    <ClCompile Include="SourceCode\Scene\Node2D.cpp">
      <Filter>源文件\Scene</Filter>
    </ClCompile>
    <ClCompile Include="SourceCode\Scene\Node3D.cpp">
      <Filter>源文件\Scene</Filter>
    </ClCompile>
    <ClCompile Include="SourceCode\Scene\Scene.cpp">
      <Filter>源文件\Scene</Filter>
    </ClCompile>
    <ClCompile Include="SourceCode\Scene\SceneManager.cpp">
      <Filter>源文件\Scene</Filter>
    </ClCompile>
    <ClCompile Include="SourceCode\Event\Touch.cpp">
      <Filter>源文件\Event</Filter>
    </ClCompile>
    <ClCompile Include="SourceCode\Event\TouchDelegate.cpp">
      <Filter>源文件\Event</Filter>
    </ClCompile>
    <ClCompile Include="SourceCode\Event\TouchDispather.cpp">
      <Filter>源文件\Event</Filter>
    </ClCompile>
    <ClCompile Include="SourceCode\Event\TouchEvent.cpp">
      <Filter>源文件\Event</Filter>
    </ClCompile>
    <ClCompile Include="SourceCode\GUI\Font\StyledText.cpp">
      <Filter>源文件\GUI\Font</Filter>
    </ClCompile>
    <ClCompile Include="SourceCode\GUI\Font\FreetypeFontFace.cpp">
      <Filter>源文件\GUI\Font</Filter>
    </ClCompile>
    <ClCompile Include="SourceCode\GUI\Font\BitmapFontFace.cpp">
      <Filter>源文件\GUI\Font</Filter>
    </ClCompile>
    <ClCompile Include="SourceCode\Task\TaskManager.cpp">
      <Filter>源文件\Task</Filter>
    </ClCompile>
    <ClCompile Include="SourceCode\Task\TaskBase.cpp">
      <Filter>源文件\Task</Filter>
    </ClCompile>
    <ClCompile Include="SourceCode\Render\StaticMeshData.cpp">
      <Filter>源文件\Render</Filter>
    </ClCompile>
    <ClCompile Include="SourceCode\Action\ActionBase.cpp">
      <Filter>源文件\Action</Filter>
    </ClCompile>
    <ClCompile Include="SourceCode\Action\LaunchTask.cpp">
      <Filter>源文件\Action</Filter>
    </ClCompile>
    <ClCompile Include="SourceCode\NodeAnimation\NodeAnimationManager.cpp">
      <Filter>源文件\NodeAnimation</Filter>
    </ClCompile>
    <ClCompile Include="SourceCode\NodeAnimation\NodeAnimation.cpp">
      <Filter>源文件\NodeAnimation</Filter>
    </ClCompile>
    <ClCompile Include="SourceCode\NodeAnimation\NodeAnimationData.cpp">
      <Filter>源文件\NodeAnimation</Filter>
    </ClCompile>
    <ClCompile Include="SourceCode\NodeAnimation\NodeAnimationElement.cpp">
      <Filter>源文件\NodeAnimation</Filter>
    </ClCompile>
    <ClCompile Include="SourceCode\Action\ConditionActionBase.cpp">
      <Filter>源文件\Action</Filter>
    </ClCompile>
    <ClCompile Include="SourceCode\Render\SkeletonAnimation.cpp">
      <Filter>源文件\Animation</Filter>
    </ClCompile>
    <ClCompile Include="SourceCode\Language\LanguageManager.cpp">
      <Filter>源文件\Language</Filter>
    </ClCompile>
    <ClCompile Include="SourceCode\EnginePublic\EngineCenter.cpp">
      <Filter>源文件\EnginePublic</Filter>
    </ClCompile>
    <ClCompile Include="SourceCode\EnginePublic\TestComponent.cpp">
      <Filter>源文件\EnginePublic</Filter>
    </ClCompile>
    <ClCompile Include="SourceCode\EnginePublic\TimeMeter.cpp">
      <Filter>源文件\EnginePublic</Filter>
    </ClCompile>
    <ClCompile Include="SourceCode\Language\LanguageText.cpp">
      <Filter>头文件\Language</Filter>
    </ClCompile>
    <ClCompile Include="SourceCode\external\win32\ConfigurationInfoImpl.cpp">
      <Filter>external\win32</Filter>
    </ClCompile>
    <ClCompile Include="SourceCode\external\win32\DeviceInfoGenerator.cpp">
      <Filter>external\win32</Filter>
    </ClCompile>
    <ClCompile Include="SourceCode\Action\SetNodeVisible.cpp">
      <Filter>源文件\Action</Filter>
    </ClCompile>
    <ClCompile Include="SourceCode\Action\SetNodeActive.cpp">
      <Filter>源文件\Action</Filter>
    </ClCompile>
    <ClCompile Include="SourceCode\Render\VertexBufferContent.cpp">
      <Filter>源文件\Render</Filter>
    </ClCompile>
    <ClCompile Include="SourceCode\Audio\AudioEngine.cpp">
      <Filter>源文件\Audio</Filter>
    </ClCompile>
    <ClCompile Include="SourceCode\Audio\win32\AudioEngine-win32.cpp">
      <Filter>源文件\Audio</Filter>
    </ClCompile>
    <ClCompile Include="SourceCode\Audio\win32\AudioPlayer.cpp">
      <Filter>源文件\Audio</Filter>
    </ClCompile>
    <ClCompile Include="SourceCode\Audio\win32\AudioCache.cpp">
      <Filter>源文件\Audio</Filter>
    </ClCompile>
    <ClCompile Include="SourceCode\Task\ExtractAndroidAssets.cpp">
      <Filter>源文件\Task</Filter>
    </ClCompile>
    <ClCompile Include="SourceCode\EnginePublic\PlayerPrefs.cpp">
      <Filter>源文件\EnginePublic</Filter>
    </ClCompile>
    <ClCompile Include="SourceCode\Script\ScriptManager.cpp">
      <Filter>源文件\Script</Filter>
    </ClCompile>
    <ClCompile Include="SourceCode\Script\luabasicconversions.cpp">
      <Filter>源文件\Script\tolua</Filter>
    </ClCompile>
    <ClCompile Include="SourceCode\Script\tolua_event.c">
      <Filter>源文件\Script\tolua</Filter>
    </ClCompile>
    <ClCompile Include="SourceCode\Script\tolua_is.c">
      <Filter>源文件\Script\tolua</Filter>
    </ClCompile>
    <ClCompile Include="SourceCode\Script\tolua_map.c">
      <Filter>源文件\Script\tolua</Filter>
    </ClCompile>
    <ClCompile Include="SourceCode\Script\tolua_push.c">
      <Filter>源文件\Script\tolua</Filter>
    </ClCompile>
    <ClCompile Include="SourceCode\Script\tolua_to.c">
      <Filter>源文件\Script\tolua</Filter>
    </ClCompile>
    <ClCompile Include="SourceCode\Task\LamdaTask.cpp">
      <Filter>源文件\Task</Filter>
    </ClCompile>
    <ClCompile Include="SourceCode\Render\AtlasSprite.cpp">
      <Filter>源文件\Render</Filter>
    </ClCompile>
    <ClCompile Include="SourceCode\Task\SwitchSceneTask.cpp">
      <Filter>源文件\Task</Filter>
    </ClCompile>
    <ClCompile Include="SourceCode\Render\CoordinateRenderObject.cpp">
      <Filter>源文件\Render</Filter>
    </ClCompile>
    <ClCompile Include="SourceCode\Render\ShapeRenderer.cpp">
      <Filter>源文件\Render</Filter>
    </ClCompile>
    <ClCompile Include="SourceCode\Utility\MathExt\Mat3.cpp">
      <Filter>头文件\Utility\MathExt</Filter>
    </ClCompile>
    <ClCompile Include="SourceCode\Utility\MathExt\Mat4.cpp">
      <Filter>头文件\Utility\MathExt</Filter>
    </ClCompile>
    <ClCompile Include="SourceCode\Utility\MathExt\Quaternion.cpp">
      <Filter>头文件\Utility\MathExt</Filter>
    </ClCompile>
    <ClCompile Include="SourceCode\Utility\MathExt\Vec2.cpp">
      <Filter>头文件\Utility\MathExt</Filter>
    </ClCompile>
    <ClCompile Include="SourceCode\Utility\MathExt\Vec3.cpp">
      <Filter>头文件\Utility\MathExt</Filter>
    </ClCompile>
    <ClCompile Include="SourceCode\Utility\MathExt\Vec4.cpp">
      <Filter>头文件\Utility\MathExt</Filter>
    </ClCompile>
    <ClCompile Include="SourceCode\Utility\MathExt\Plane.cpp">
      <Filter>头文件\Utility\MathExt</Filter>
    </ClCompile>
    <ClCompile Include="SourceCode\Utility\MathExt\Ray3.cpp">
      <Filter>头文件\Utility\MathExt</Filter>
    </ClCompile>
    <ClCompile Include="SourceCode\Utility\MathExt\AABBBox.cpp">
      <Filter>头文件\Utility\MathExt</Filter>
    </ClCompile>
    <ClCompile Include="SourceCode\Render\ModelData.cpp">
      <Filter>源文件\Render</Filter>
    </ClCompile>
    <ClCompile Include="SourceCode\external\pvr.cpp">
      <Filter>external\pvr</Filter>
    </ClCompile>
    <ClCompile Include="SourceCode\GUI\KeyBoardDelegate.cpp">
      <Filter>源文件\GUI</Filter>
    </ClCompile>
    <ClCompile Include="SourceCode\Render\2DBackGround.cpp">
      <Filter>源文件\Render</Filter>
    </ClCompile>
    <ClCompile Include="SourceCode\ParticleSystem\ParticleManager.cpp">
      <Filter>源文件\ParticleSystem</Filter>
    </ClCompile>
    <ClCompile Include="SourceCode\ParticleSystem\VelocityModule.cpp">
      <Filter>源文件\ParticleSystem\Module</Filter>
    </ClCompile>
    <ClCompile Include="SourceCode\ParticleSystem\VelocityLimitModule.cpp">
      <Filter>源文件\ParticleSystem\Module</Filter>
    </ClCompile>
    <ClCompile Include="SourceCode\ParticleSystem\ForceModule.cpp">
      <Filter>源文件\ParticleSystem\Module</Filter>
    </ClCompile>
    <ClCompile Include="SourceCode\ParticleSystem\ColorModule.cpp">
      <Filter>源文件\ParticleSystem\Module</Filter>
    </ClCompile>
    <ClCompile Include="SourceCode\ParticleSystem\SizeModule.cpp">
      <Filter>源文件\ParticleSystem\Module</Filter>
    </ClCompile>
    <ClCompile Include="SourceCode\ParticleSystem\RotationModule.cpp">
      <Filter>源文件\ParticleSystem\Module</Filter>
    </ClCompile>
    <ClCompile Include="SourceCode\ParticleSystem\TextureSheetAnimationModule.cpp">
      <Filter>源文件\ParticleSystem\Module</Filter>
    </ClCompile>
    <ClCompile Include="SourceCode\ParticleSystem\RenderModule.cpp">
      <Filter>源文件\ParticleSystem\Module</Filter>
    </ClCompile>
    <ClCompile Include="SourceCode\ParticleSystem\EmissionModule.cpp">
      <Filter>源文件\ParticleSystem\Module</Filter>
    </ClCompile>
    <ClCompile Include="SourceCode\ParticleSystem\ShapeModule.cpp">
      <Filter>源文件\ParticleSystem\Module</Filter>
    </ClCompile>
    <ClCompile Include="SourceCode\Utility\RandomValue.cpp">
      <Filter>头文件\Utility</Filter>
    </ClCompile>
    <ClCompile Include="SourceCode\NoticeWatcher\WatchNode.cpp">
      <Filter>源文件\NoticeWatcher</Filter>
    </ClCompile>
    <ClCompile Include="SourceCode\NoticeWatcher\NoticeWatcherDispatcher.cpp">
      <Filter>源文件\NoticeWatcher</Filter>
    </ClCompile>
    <ClCompile Include="SourceCode\Utility\RandomColor.cpp">
      <Filter>头文件\Utility</Filter>
    </ClCompile>
    <ClCompile Include="SourceCode\ParticleSystem\BasicModule.cpp">
      <Filter>源文件\ParticleSystem\Module</Filter>
    </ClCompile>
    <ClCompile Include="SourceCode\Log\LogManager.cpp">
      <Filter>源文件\Log</Filter>
    </ClCompile>
    <ClCompile Include="SourceCode\Scene\EventManager.cpp">
      <Filter>头文件\Scene</Filter>
    </ClCompile>
    <ClCompile Include="SourceCode\Utility\MathExt\Location.cpp">
      <Filter>头文件\Utility\MathExt</Filter>
    </ClCompile>
    <ClCompile Include="SourceCode\ParticleSystem\ParticleEmitter.cpp">
      <Filter>源文件\ParticleSystem</Filter>
    </ClCompile>
    <ClCompile Include="SourceCode\ParticleSystem\Particle.cpp">
      <Filter>源文件\ParticleSystem</Filter>
    </ClCompile>
    <ClCompile Include="SourceCode\Utility\Memory\MemoryAnalyzer.cpp">
      <Filter>头文件\Utility\Memory</Filter>
    </ClCompile>
    <ClCompile Include="SourceCode\Component\Component\ComponentBase.cpp">
      <Filter>源文件\Component\Component</Filter>
    </ClCompile>
    <ClCompile Include="SourceCode\Component\Component\ComponentGraphic.cpp">
      <Filter>源文件\Component\Component</Filter>
    </ClCompile>
    <ClCompile Include="SourceCode\Component\Component\ComponentInstance.cpp">
      <Filter>源文件\Component\Component</Filter>
    </ClCompile>
    <ClCompile Include="SourceCode\Component\Component\ComponentInstanceManager.cpp">
      <Filter>源文件\Component\Component</Filter>
    </ClCompile>
    <ClCompile Include="SourceCode\Component\Component\ComponentManagerBase.cpp">
      <Filter>源文件\Component\Component</Filter>
    </ClCompile>
    <ClCompile Include="SourceCode\Component\Component\ComponentProject.cpp">
      <Filter>源文件\Component\Component</Filter>
    </ClCompile>
    <ClCompile Include="SourceCode\Component\Component\ComponentProjectDirectory.cpp">
      <Filter>源文件\Component\Component</Filter>
    </ClCompile>
    <ClCompile Include="SourceCode\Component\Component\ComponentProxy.cpp">
      <Filter>源文件\Component\Component</Filter>
    </ClCompile>
    <ClCompile Include="SourceCode\Component\Component\ComponentProxyManager.cpp">
      <Filter>源文件\Component\Component</Filter>
    </ClCompile>
    <ClCompile Include="SourceCode\Component\Property\PropertyDescriptionBase.cpp">
      <Filter>源文件\Component\Property</Filter>
    </ClCompile>
    <ClCompile Include="SourceCode\Utility\BeatsUtility\EnumStrGenerator.cpp">
      <Filter>源文件\Utility\BeatsUtility</Filter>
    </ClCompile>
    <ClCompile Include="SourceCode\Utility\BeatsUtility\FileFilter.cpp">
      <Filter>源文件\Utility\BeatsUtility</Filter>
    </ClCompile>
    <ClCompile Include="SourceCode\Utility\BeatsUtility\FilePathTool.cpp">
      <Filter>源文件\Utility\BeatsUtility</Filter>
    </ClCompile>
    <ClCompile Include="SourceCode\Utility\BeatsUtility\IdManager.cpp">
      <Filter>源文件\Utility\BeatsUtility</Filter>
    </ClCompile>
    <ClCompile Include="SourceCode\Utility\BeatsUtility\md5.cpp">
      <Filter>源文件\Utility\BeatsUtility</Filter>
    </ClCompile>
    <ClCompile Include="SourceCode\Utility\BeatsUtility\Serializer.cpp">
      <Filter>源文件\Utility\BeatsUtility</Filter>
    </ClCompile>
    <ClCompile Include="SourceCode\Utility\BeatsUtility\SharePtr.cpp">
      <Filter>源文件\Utility\BeatsUtility</Filter>
    </ClCompile>
    <ClCompile Include="SourceCode\Utility\BeatsUtility\StringHelper.cpp">
      <Filter>源文件\Utility\BeatsUtility</Filter>
    </ClCompile>
    <ClCompile Include="SourceCode\Utility\BeatsUtility\UtilityManager.cpp">
      <Filter>源文件\Utility\BeatsUtility</Filter>
    </ClCompile>
    <ClCompile Include="SourceCode\Utility\BeatsUtility\Platform\win32\FilePathTool_Win32.cpp">
      <Filter>源文件\Utility\BeatsUtility</Filter>
    </ClCompile>
    <ClCompile Include="SourceCode\Component\Component\DependencyDescription.cpp">
      <Filter>源文件\Component\Component</Filter>
    </ClCompile>
    <ClCompile Include="SourceCode\Component\Component\DependencyDescriptionLine.cpp">
      <Filter>源文件\Component\Component</Filter>
    </ClCompile>
    <ClCompile Include="SourceCode\Render\CircleProgressSprite.cpp">
      <Filter>源文件\Render</Filter>
    </ClCompile>
  </ItemGroup>
  <ItemGroup>
    <ClInclude Include="SourceCode\Utility\TinyXML\tinystr.h">
      <Filter>头文件\Utility\TinyXML</Filter>
    </ClInclude>
    <ClInclude Include="SourceCode\Utility\TinyXML\tinyxml.h">
      <Filter>头文件\Utility\TinyXML</Filter>
    </ClInclude>
    <ClInclude Include="SourceCode\Resource\Resource.h">
      <Filter>头文件\Resource</Filter>
    </ClInclude>
    <ClInclude Include="SourceCode\Resource\ResourceManager.h">
      <Filter>头文件\Resource</Filter>
    </ClInclude>
    <ClInclude Include="SourceCode\Resource\ResourcePublic.h">
      <Filter>头文件\Resource</Filter>
    </ClInclude>
    <ClInclude Include="SourceCode\Event\EventDispatcher.h">
      <Filter>头文件\Event</Filter>
    </ClInclude>
    <ClInclude Include="SourceCode\Event\EventType.h">
      <Filter>头文件\Event</Filter>
    </ClInclude>
    <ClInclude Include="SourceCode\Event\KeyboardEvent.h">
      <Filter>头文件\Event</Filter>
    </ClInclude>
    <ClInclude Include="SourceCode\Event\BaseEvent.h">
      <Filter>头文件\Event</Filter>
    </ClInclude>
    <ClInclude Include="SourceCode\GUI\Font\FontFace.h">
      <Filter>头文件\GUI\Font</Filter>
    </ClInclude>
    <ClInclude Include="SourceCode\GUI\Font\FontManager.h">
      <Filter>头文件\GUI\Font</Filter>
    </ClInclude>
    <ClInclude Include="SourceCode\GUI\Font\Font.h">
      <Filter>头文件\GUI\Font</Filter>
    </ClInclude>
    <ClInclude Include="SourceCode\Utility\PerformDetector\PerformDetector.h">
      <Filter>头文件\Utility\PerformDetector</Filter>
    </ClInclude>
    <ClInclude Include="SourceCode\external\unzip\ioapi.h">
      <Filter>external\unZip</Filter>
    </ClInclude>
    <ClInclude Include="SourceCode\external\unzip\unzip.h">
      <Filter>external\unZip</Filter>
    </ClInclude>
    <ClInclude Include="SourceCode\external\etc1\etc1.h">
      <Filter>external\etc1</Filter>
    </ClInclude>
    <ClInclude Include="SourceCode\stdafx.h">
      <Filter>头文件</Filter>
    </ClInclude>
    <ClInclude Include="SourceCode\Framework\Application.h">
      <Filter>头文件\Framework</Filter>
    </ClInclude>
    <ClInclude Include="SourceCode\Platform\win32\PlatformConfig.h">
      <Filter>头文件\Platform\win32</Filter>
    </ClInclude>
    <ClInclude Include="SourceCode\Platform\PlatformDefine.h">
      <Filter>头文件\Platform</Filter>
    </ClInclude>
    <ClInclude Include="SourceCode\Utility\MathExt\Vec2.h">
      <Filter>头文件\Utility\MathExt</Filter>
    </ClInclude>
    <ClInclude Include="SourceCode\Utility\MathExt\Vec3.h">
      <Filter>头文件\Utility\MathExt</Filter>
    </ClInclude>
    <ClInclude Include="SourceCode\Utility\MathExt\Mat4.h">
      <Filter>头文件\Utility\MathExt</Filter>
    </ClInclude>
    <ClInclude Include="SourceCode\Scene\NodeEvent.h">
      <Filter>头文件\Scene</Filter>
    </ClInclude>
    <ClInclude Include="SourceCode\Event\PinchEvent.h">
      <Filter>头文件\Event</Filter>
    </ClInclude>
    <ClInclude Include="SourceCode\Event\GestureState.h">
      <Filter>头文件\Event</Filter>
    </ClInclude>
    <ClInclude Include="SourceCode\Event\EventSubscription.h">
      <Filter>头文件\Event</Filter>
    </ClInclude>
    <ClInclude Include="SourceCode\Event\EventConnection.h">
      <Filter>头文件\Event</Filter>
    </ClInclude>
    <ClInclude Include="SourceCode\Event\EventSlot.h">
      <Filter>头文件\Event</Filter>
    </ClInclude>
    <ClInclude Include="SourceCode\external\Atitc.h">
      <Filter>external</Filter>
    </ClInclude>
    <ClInclude Include="SourceCode\external\Configuration.h">
      <Filter>external</Filter>
    </ClInclude>
    <ClInclude Include="SourceCode\external\Image.h">
      <Filter>external</Filter>
    </ClInclude>
    <ClInclude Include="SourceCode\external\S3tc.h">
      <Filter>external</Filter>
    </ClInclude>
    <ClInclude Include="SourceCode\external\TgaLib.h">
      <Filter>external</Filter>
    </ClInclude>
    <ClInclude Include="SourceCode\external\ZipUtils.h">
      <Filter>external</Filter>
    </ClInclude>
    <ClInclude Include="SourceCode\Scene\Node.h">
      <Filter>头文件\Scene</Filter>
    </ClInclude>
    <ClInclude Include="SourceCode\Scene\Node2D.h">
      <Filter>头文件\Scene</Filter>
    </ClInclude>
    <ClInclude Include="SourceCode\Scene\Node3D.h">
      <Filter>头文件\Scene</Filter>
    </ClInclude>
    <ClInclude Include="SourceCode\Scene\Scene.h">
      <Filter>头文件\Scene</Filter>
    </ClInclude>
    <ClInclude Include="SourceCode\Scene\SceneManager.h">
      <Filter>头文件\Scene</Filter>
    </ClInclude>
    <ClInclude Include="SourceCode\Event\TouchEvent.h">
      <Filter>头文件\Event</Filter>
    </ClInclude>
    <ClInclude Include="SourceCode\Event\TouchDispather.h">
      <Filter>头文件\Event</Filter>
    </ClInclude>
    <ClInclude Include="SourceCode\Event\TouchDelegate.h">
      <Filter>头文件\Event</Filter>
    </ClInclude>
    <ClInclude Include="SourceCode\Event\Touch.h">
      <Filter>头文件\Event</Filter>
    </ClInclude>
    <ClInclude Include="SourceCode\GUI\Font\StyledText.h">
      <Filter>头文件\GUI\Font</Filter>
    </ClInclude>
    <ClInclude Include="SourceCode\GUI\Font\FreetypeFontFace.h">
      <Filter>头文件\GUI\Font</Filter>
    </ClInclude>
    <ClInclude Include="SourceCode\GUI\Font\BitmapFontFace.h">
      <Filter>头文件\GUI\Font</Filter>
    </ClInclude>
    <ClInclude Include="SourceCode\Task\TaskBase.h">
      <Filter>头文件\Task</Filter>
    </ClInclude>
    <ClInclude Include="SourceCode\Task\TaskManager.h">
      <Filter>头文件\Task</Filter>
    </ClInclude>
    <ClInclude Include="SourceCode\Action\ActionBase.h">
      <Filter>头文件\Action</Filter>
    </ClInclude>
    <ClInclude Include="SourceCode\Action\LaunchTask.h">
      <Filter>头文件\Action</Filter>
    </ClInclude>
    <ClInclude Include="SourceCode\NodeAnimation\NodeAnimationManager.h">
      <Filter>头文件\NodeAnimation</Filter>
    </ClInclude>
    <ClInclude Include="SourceCode\NodeAnimation\NodeAnimation.h">
      <Filter>头文件\NodeAnimation</Filter>
    </ClInclude>
    <ClInclude Include="SourceCode\NodeAnimation\NodeAnimationData.h">
      <Filter>头文件\NodeAnimation</Filter>
    </ClInclude>
    <ClInclude Include="SourceCode\NodeAnimation\NodeAnimationElement.h">
      <Filter>头文件\NodeAnimation</Filter>
    </ClInclude>
    <ClInclude Include="SourceCode\Action\ConditionActionBase.h">
      <Filter>头文件\Action</Filter>
    </ClInclude>
    <ClInclude Include="SourceCode\Render\AnimatableSprite.h">
      <Filter>头文件\Render</Filter>
    </ClInclude>
    <ClInclude Include="SourceCode\Render\AnimationController.h">
      <Filter>头文件\Render</Filter>
    </ClInclude>
    <ClInclude Include="SourceCode\Render\Camera.h">
      <Filter>头文件\Render</Filter>
    </ClInclude>
    <ClInclude Include="SourceCode\Render\CommonTypes.h">
      <Filter>头文件\Render</Filter>
    </ClInclude>
    <ClInclude Include="SourceCode\Render\GridRenderObject.h">
      <Filter>头文件\Render</Filter>
    </ClInclude>
    <ClInclude Include="SourceCode\Render\Material.h">
      <Filter>头文件\Render</Filter>
    </ClInclude>
    <ClInclude Include="SourceCode\Render\Model.h">
      <Filter>头文件\Render</Filter>
    </ClInclude>
    <ClInclude Include="SourceCode\Render\ReflectTextureInfo.h">
      <Filter>头文件\Render</Filter>
    </ClInclude>
    <ClInclude Include="SourceCode\Render\RenderBatch.h">
      <Filter>头文件\Render</Filter>
    </ClInclude>
    <ClInclude Include="SourceCode\Render\Renderer.h">
      <Filter>头文件\Render</Filter>
    </ClInclude>
    <ClInclude Include="SourceCode\Render\RenderGroup.h">
      <Filter>头文件\Render</Filter>
    </ClInclude>
    <ClInclude Include="SourceCode\Render\RenderGroupManager.h">
      <Filter>头文件\Render</Filter>
    </ClInclude>
    <ClInclude Include="SourceCode\Render\RenderManager.h">
      <Filter>头文件\Render</Filter>
    </ClInclude>
    <ClInclude Include="SourceCode\Render\RenderPublic.h">
      <Filter>头文件\Render</Filter>
    </ClInclude>
    <ClInclude Include="SourceCode\Render\RenderState.h">
      <Filter>头文件\Render</Filter>
    </ClInclude>
    <ClInclude Include="SourceCode\Render\RenderTarget.h">
      <Filter>头文件\Render</Filter>
    </ClInclude>
    <ClInclude Include="SourceCode\Render\Shader.h">
      <Filter>头文件\Render</Filter>
    </ClInclude>
    <ClInclude Include="SourceCode\Render\ShaderProgram.h">
      <Filter>头文件\Render</Filter>
    </ClInclude>
    <ClInclude Include="SourceCode\Render\ShaderUniform.h">
      <Filter>头文件\Render</Filter>
    </ClInclude>
    <ClInclude Include="SourceCode\Render\Skeleton.h">
      <Filter>头文件\Render</Filter>
    </ClInclude>
    <ClInclude Include="SourceCode\Render\SkeletonBone.h">
      <Filter>头文件\Render</Filter>
    </ClInclude>
    <ClInclude Include="SourceCode\Render\Skin.h">
      <Filter>头文件\Render</Filter>
    </ClInclude>
    <ClInclude Include="SourceCode\Render\Sprite.h">
      <Filter>头文件\Render</Filter>
    </ClInclude>
    <ClInclude Include="SourceCode\Render\StaticMesh.h">
      <Filter>头文件\Render</Filter>
    </ClInclude>
    <ClInclude Include="SourceCode\Render\StaticMeshData.h">
      <Filter>头文件\Render</Filter>
    </ClInclude>
    <ClInclude Include="SourceCode\Render\Texture.h">
      <Filter>头文件\Render</Filter>
    </ClInclude>
    <ClInclude Include="SourceCode\Render\TextureAtlas.h">
      <Filter>头文件\Render</Filter>
    </ClInclude>
    <ClInclude Include="SourceCode\Render\TextureFormatConverter.h">
      <Filter>头文件\Render</Filter>
    </ClInclude>
    <ClInclude Include="SourceCode\Render\TextureFrag.h">
      <Filter>头文件\Render</Filter>
    </ClInclude>
    <ClInclude Include="SourceCode\Render\VertexFormat.h">
      <Filter>头文件\Render</Filter>
    </ClInclude>
    <ClInclude Include="SourceCode\Render\Viewport.h">
      <Filter>头文件\Render</Filter>
    </ClInclude>
    <ClInclude Include="SourceCode\Render\RenderStateParam\AlphaFunctionRenderStateParam.h">
      <Filter>头文件\Render\RenderStateParam</Filter>
    </ClInclude>
    <ClInclude Include="SourceCode\Render\RenderStateParam\BlendEquationRenderStateParam.h">
      <Filter>头文件\Render\RenderStateParam</Filter>
    </ClInclude>
    <ClInclude Include="SourceCode\Render\RenderStateParam\BlendRenderStateParam.h">
      <Filter>头文件\Render\RenderStateParam</Filter>
    </ClInclude>
    <ClInclude Include="SourceCode\Render\RenderStateParam\BoolRenderStateParam.h">
      <Filter>头文件\Render\RenderStateParam</Filter>
    </ClInclude>
    <ClInclude Include="SourceCode\Render\RenderStateParam\ClockWiseRenderStateParam.h">
      <Filter>头文件\Render\RenderStateParam</Filter>
    </ClInclude>
    <ClInclude Include="SourceCode\Render\RenderStateParam\CullModeRenderStateParam.h">
      <Filter>头文件\Render\RenderStateParam</Filter>
    </ClInclude>
    <ClInclude Include="SourceCode\Render\RenderStateParam\FloatRenderStateParam.h">
      <Filter>头文件\Render\RenderStateParam</Filter>
    </ClInclude>
    <ClInclude Include="SourceCode\Render\RenderStateParam\FunctionRenderStateParam.h">
      <Filter>头文件\Render\RenderStateParam</Filter>
    </ClInclude>
    <ClInclude Include="SourceCode\Render\RenderStateParam\IntRenderStateParam.h">
      <Filter>头文件\Render\RenderStateParam</Filter>
    </ClInclude>
    <ClInclude Include="SourceCode\Render\RenderStateParam\PolygonModeRenderStateParam.h">
      <Filter>头文件\Render\RenderStateParam</Filter>
    </ClInclude>
    <ClInclude Include="SourceCode\Render\RenderStateParam\RenderStateParamBase.h">
      <Filter>头文件\Render\RenderStateParam</Filter>
    </ClInclude>
    <ClInclude Include="SourceCode\Render\RenderStateParam\ShadeModeRenderStateParam.h">
      <Filter>头文件\Render\RenderStateParam</Filter>
    </ClInclude>
    <ClInclude Include="SourceCode\Render\RenderStateParam\StencilRenderStateParam.h">
      <Filter>头文件\Render\RenderStateParam</Filter>
    </ClInclude>
    <ClInclude Include="SourceCode\Render\RenderStateParam\UintRenderStateParam.h">
      <Filter>头文件\Render\RenderStateParam</Filter>
    </ClInclude>
    <ClInclude Include="SourceCode\Render\win32\GlfwRenderWindow.h">
      <Filter>头文件\Render\win32</Filter>
    </ClInclude>
    <ClInclude Include="SourceCode\Render\SkeletonAnimation.h">
      <Filter>头文件\Animation</Filter>
    </ClInclude>
    <ClInclude Include="SourceCode\Language\Language.h">
      <Filter>头文件\Language</Filter>
    </ClInclude>
    <ClInclude Include="SourceCode\Language\LanguageManager.h">
      <Filter>头文件\Language</Filter>
    </ClInclude>
    <ClInclude Include="SourceCode\EnginePublic\BeyondEnginePublic.h">
      <Filter>头文件\EnginePublic</Filter>
    </ClInclude>
    <ClInclude Include="SourceCode\EnginePublic\CompWrapper.h">
      <Filter>头文件\EnginePublic</Filter>
    </ClInclude>
    <ClInclude Include="SourceCode\EnginePublic\EngineCenter.h">
      <Filter>头文件\EnginePublic</Filter>
    </ClInclude>
    <ClInclude Include="SourceCode\EnginePublic\PublicDef.h">
      <Filter>头文件\EnginePublic</Filter>
    </ClInclude>
    <ClInclude Include="SourceCode\EnginePublic\TestComponent.h">
      <Filter>头文件\EnginePublic</Filter>
    </ClInclude>
    <ClInclude Include="SourceCode\EnginePublic\TimeMeter.h">
      <Filter>头文件\EnginePublic</Filter>
    </ClInclude>
    <ClInclude Include="SourceCode\Language\LanguageText.h">
      <Filter>头文件\Language</Filter>
    </ClInclude>
    <ClInclude Include="SourceCode\external\win32\DeviceInfoGenerator.h">
      <Filter>external\win32</Filter>
    </ClInclude>
    <ClInclude Include="SourceCode\Action\SetNodeVisible.h">
      <Filter>头文件\Action</Filter>
    </ClInclude>
    <ClInclude Include="SourceCode\Action\SetNodeActive.h">
      <Filter>头文件\Action</Filter>
    </ClInclude>
    <ClInclude Include="SourceCode\Render\VertexBufferContent.h">
      <Filter>头文件\Render</Filter>
    </ClInclude>
    <ClInclude Include="SourceCode\Audio\include\AudioEngine.h">
      <Filter>头文件\Audio</Filter>
    </ClInclude>
    <ClInclude Include="SourceCode\Audio\win32\AudioPlayer.h">
      <Filter>头文件\Audio</Filter>
    </ClInclude>
    <ClInclude Include="SourceCode\Audio\win32\AudioCache.h">
      <Filter>头文件\Audio</Filter>
    </ClInclude>
    <ClInclude Include="SourceCode\Audio\win32\AudioEngine-win32.h">
      <Filter>头文件\Audio</Filter>
    </ClInclude>
    <ClInclude Include="SourceCode\Task\ExtractAndroidAssets.h">
      <Filter>头文件\Task</Filter>
    </ClInclude>
    <ClInclude Include="SourceCode\EnginePublic\PlayerPrefs.h">
      <Filter>头文件\EnginePublic</Filter>
    </ClInclude>
    <ClInclude Include="SourceCode\Script\ScriptManager.h">
      <Filter>头文件\Script</Filter>
    </ClInclude>
    <ClInclude Include="Include\tolua\luabasicconversions.h">
      <Filter>头文件\Script\tolua</Filter>
    </ClInclude>
    <ClInclude Include="Include\tolua\tolua_event.h">
      <Filter>头文件\Script\tolua</Filter>
    </ClInclude>
    <ClInclude Include="Include\tolua\tolua++.h">
      <Filter>头文件\Script\tolua</Filter>
    </ClInclude>
    <ClInclude Include="SourceCode\Task\LamdaTask.h">
      <Filter>头文件\Task</Filter>
    </ClInclude>
    <ClInclude Include="SourceCode\Render\AtlasSprite.h">
      <Filter>头文件\Render</Filter>
    </ClInclude>
    <ClInclude Include="SourceCode\Task\SwitchSceneTask.h">
      <Filter>头文件\Task</Filter>
    </ClInclude>
    <ClInclude Include="SourceCode\Utility\MathExt\Mat3.h">
      <Filter>头文件\Utility\MathExt</Filter>
    </ClInclude>
    <ClInclude Include="SourceCode\Utility\MathExt\Quaternion.h">
      <Filter>头文件\Utility\MathExt</Filter>
    </ClInclude>
    <ClInclude Include="SourceCode\Utility\MathExt\Vec4.h">
      <Filter>头文件\Utility\MathExt</Filter>
    </ClInclude>
    <ClInclude Include="SourceCode\Utility\MathExt\Ray3.h">
      <Filter>头文件\Utility\MathExt</Filter>
    </ClInclude>
    <ClInclude Include="SourceCode\Utility\MathExt\Plane.h">
      <Filter>头文件\Utility\MathExt</Filter>
    </ClInclude>
    <ClInclude Include="SourceCode\Render\CoordinateRenderObject.h">
      <Filter>头文件\Render</Filter>
    </ClInclude>
    <ClInclude Include="SourceCode\Render\ShapeRenderer.h">
      <Filter>头文件\Render</Filter>
    </ClInclude>
    <ClInclude Include="SourceCode\Utility\MathExt\AABBBox.h">
      <Filter>头文件\Utility\MathExt</Filter>
    </ClInclude>
    <ClInclude Include="SourceCode\Render\ModelData.h">
      <Filter>头文件\Render</Filter>
    </ClInclude>
    <ClInclude Include="SourceCode\Utility\RapidXML\rapidxml.hpp">
      <Filter>头文件\Utility\RapidXML</Filter>
    </ClInclude>
    <ClInclude Include="SourceCode\Utility\RapidXML\rapidxml_iterators.hpp">
      <Filter>头文件\Utility\RapidXML</Filter>
    </ClInclude>
    <ClInclude Include="SourceCode\Utility\RapidXML\rapidxml_print.hpp">
      <Filter>头文件\Utility\RapidXML</Filter>
    </ClInclude>
    <ClInclude Include="SourceCode\Utility\RapidXML\rapidxml_utils.hpp">
      <Filter>头文件\Utility\RapidXML</Filter>
    </ClInclude>
    <ClInclude Include="SourceCode\external\pvr.h">
      <Filter>external\pvr</Filter>
    </ClInclude>
    <ClInclude Include="SourceCode\GUI\KeyBoardDelegate.h">
      <Filter>头文件\GUI</Filter>
    </ClInclude>
    <ClInclude Include="SourceCode\Render\2DBackGround.h">
      <Filter>头文件\Render</Filter>
    </ClInclude>
    <ClInclude Include="SourceCode\ParticleSystem\ParticleManager.h">
      <Filter>头文件\ParticleSystem</Filter>
    </ClInclude>
    <ClInclude Include="SourceCode\ParticleSystem\VelocityModule.h">
      <Filter>头文件\ParticleSystem\Module</Filter>
    </ClInclude>
    <ClInclude Include="SourceCode\ParticleSystem\VelocityLimitModule.h">
      <Filter>头文件\ParticleSystem\Module</Filter>
    </ClInclude>
    <ClInclude Include="SourceCode\ParticleSystem\ForceModule.h">
      <Filter>头文件\ParticleSystem\Module</Filter>
    </ClInclude>
    <ClInclude Include="SourceCode\ParticleSystem\ColorModule.h">
      <Filter>头文件\ParticleSystem\Module</Filter>
    </ClInclude>
    <ClInclude Include="SourceCode\ParticleSystem\SizeModule.h">
      <Filter>头文件\ParticleSystem\Module</Filter>
    </ClInclude>
    <ClInclude Include="SourceCode\ParticleSystem\RotationModule.h">
      <Filter>头文件\ParticleSystem\Module</Filter>
    </ClInclude>
    <ClInclude Include="SourceCode\ParticleSystem\TextureSheetAnimationModule.h">
      <Filter>头文件\ParticleSystem\Module</Filter>
    </ClInclude>
    <ClInclude Include="SourceCode\ParticleSystem\RenderModule.h">
      <Filter>头文件\ParticleSystem\Module</Filter>
    </ClInclude>
    <ClInclude Include="SourceCode\ParticleSystem\EmissionModule.h">
      <Filter>头文件\ParticleSystem\Module</Filter>
    </ClInclude>
    <ClInclude Include="SourceCode\ParticleSystem\ShapeModule.h">
      <Filter>头文件\ParticleSystem\Module</Filter>
    </ClInclude>
    <ClInclude Include="SourceCode\Utility\RandomValue.h">
      <Filter>头文件\Utility</Filter>
    </ClInclude>
    <ClInclude Include="SourceCode\NoticeWatcher\WatchNode.h">
      <Filter>头文件\NoticeWatcher</Filter>
    </ClInclude>
    <ClInclude Include="SourceCode\NoticeWatcher\NoticeWatcherDispatcher.h">
      <Filter>头文件\NoticeWatcher</Filter>
    </ClInclude>
    <ClInclude Include="SourceCode\Utility\RandomColor.h">
      <Filter>头文件\Utility</Filter>
    </ClInclude>
    <ClInclude Include="SourceCode\ParticleSystem\BasicModule.h">
      <Filter>头文件\ParticleSystem\Module</Filter>
    </ClInclude>
    <ClInclude Include="SourceCode\Log\LogManager.h">
      <Filter>头文件\Log</Filter>
    </ClInclude>
    <ClInclude Include="SourceCode\Scene\EventManager.h">
      <Filter>头文件\Scene</Filter>
    </ClInclude>
    <ClInclude Include="SourceCode\Utility\MathExt\Location.h">
      <Filter>头文件\Utility\MathExt</Filter>
    </ClInclude>
    <ClInclude Include="SourceCode\Script\auto\BeyondEngineHead.h">
      <Filter>源文件\Script\auto</Filter>
    </ClInclude>
    <ClInclude Include="SourceCode\Script\auto\StarRaidersLuaHead.h">
      <Filter>源文件\Script\auto</Filter>
    </ClInclude>
    <ClInclude Include="SourceCode\ParticleSystem\ParticleEmitter.h">
      <Filter>头文件\ParticleSystem</Filter>
    </ClInclude>
    <ClInclude Include="SourceCode\ParticleSystem\Particle.h">
      <Filter>头文件\ParticleSystem</Filter>
    </ClInclude>
    <ClInclude Include="SourceCode\Utility\Memory\Memory.h">
      <Filter>头文件\Utility\Memory</Filter>
    </ClInclude>
    <ClInclude Include="SourceCode\Utility\Memory\MemoryAnalyzer.h">
      <Filter>头文件\Utility\Memory</Filter>
    </ClInclude>
    <ClInclude Include="SourceCode\Component\Component\ComponentBase.h">
      <Filter>头文件\Component\Component</Filter>
    </ClInclude>
    <ClInclude Include="SourceCode\Component\Component\ComponentGraphic.h">
      <Filter>头文件\Component\Component</Filter>
    </ClInclude>
    <ClInclude Include="SourceCode\Component\Component\ComponentInstance.h">
      <Filter>头文件\Component\Component</Filter>
    </ClInclude>
    <ClInclude Include="SourceCode\Component\Component\ComponentInstanceManager.h">
      <Filter>头文件\Component\Component</Filter>
    </ClInclude>
    <ClInclude Include="SourceCode\Component\Component\ComponentManagerBase.h">
      <Filter>头文件\Component\Component</Filter>
    </ClInclude>
    <ClInclude Include="SourceCode\Component\Component\ComponentProject.h">
      <Filter>头文件\Component\Component</Filter>
    </ClInclude>
    <ClInclude Include="SourceCode\Component\Component\ComponentProjectDirectory.h">
      <Filter>头文件\Component\Component</Filter>
    </ClInclude>
    <ClInclude Include="SourceCode\Component\Component\ComponentProxy.h">
      <Filter>头文件\Component\Component</Filter>
    </ClInclude>
    <ClInclude Include="SourceCode\Component\Component\ComponentProxyManager.h">
      <Filter>头文件\Component\Component</Filter>
    </ClInclude>
    <ClInclude Include="SourceCode\Component\Property\PropertyDescriptionBase.h">
      <Filter>头文件\Component\Property</Filter>
    </ClInclude>
    <ClInclude Include="SourceCode\Utility\BeatsUtility\EnumStrGenerator.h">
      <Filter>头文件\Utility\BeatsUtility</Filter>
    </ClInclude>
    <ClInclude Include="SourceCode\Utility\BeatsUtility\FileFilter.h">
      <Filter>头文件\Utility\BeatsUtility</Filter>
    </ClInclude>
    <ClInclude Include="SourceCode\Utility\BeatsUtility\FilePathTool.h">
      <Filter>头文件\Utility\BeatsUtility</Filter>
    </ClInclude>
    <ClInclude Include="SourceCode\Utility\BeatsUtility\IdManager.h">
      <Filter>头文件\Utility\BeatsUtility</Filter>
    </ClInclude>
    <ClInclude Include="SourceCode\Utility\BeatsUtility\MathPublic.h">
      <Filter>头文件\Utility\BeatsUtility</Filter>
    </ClInclude>
    <ClInclude Include="SourceCode\Utility\BeatsUtility\md5.h">
      <Filter>头文件\Utility\BeatsUtility</Filter>
    </ClInclude>
    <ClInclude Include="SourceCode\Utility\BeatsUtility\Serializer.h">
      <Filter>头文件\Utility\BeatsUtility</Filter>
    </ClInclude>
    <ClInclude Include="SourceCode\Utility\BeatsUtility\Serializer.hpp">
      <Filter>头文件\Utility\BeatsUtility</Filter>
    </ClInclude>
    <ClInclude Include="SourceCode\Utility\BeatsUtility\SharePtr.h">
      <Filter>头文件\Utility\BeatsUtility</Filter>
    </ClInclude>
    <ClInclude Include="SourceCode\Utility\BeatsUtility\StringHelper.h">
      <Filter>头文件\Utility\BeatsUtility</Filter>
    </ClInclude>
    <ClInclude Include="SourceCode\Utility\BeatsUtility\UtilityManager.h">
      <Filter>头文件\Utility\BeatsUtility</Filter>
    </ClInclude>
    <ClInclude Include="SourceCode\Component\Component\DependencyDescription.h">
      <Filter>头文件\Component\Component</Filter>
    </ClInclude>
    <ClInclude Include="SourceCode\Component\Component\DependencyDescriptionLine.h">
      <Filter>头文件\Component\Component</Filter>
    </ClInclude>
    <ClInclude Include="SourceCode\Component\ComponentLauncher.h">
      <Filter>头文件\Component</Filter>
    </ClInclude>
    <ClInclude Include="SourceCode\Component\ComponentPublic.h">
      <Filter>头文件\Component</Filter>
    </ClInclude>
    <ClInclude Include="SourceCode\EnginePublic\BeyondEngineVersion.h">
      <Filter>头文件\EnginePublic</Filter>
    </ClInclude>
    <ClInclude Include="SourceCode\Render\CircleProgressSprite.h">
      <Filter>头文件\Render</Filter>
    </ClInclude>
  </ItemGroup>
</Project>